PODS:
  - Flutter (1.0.0)
  - flutter_local_notifications (0.0.1):
    - Flutter
  - record_darwin (1.0.0):
    - Flutter

DEPENDENCIES:
  - Flutter (from `Flutter`)
  - flutter_local_notifications (from `.symlinks/plugins/flutter_local_notifications/ios`)
  - record_darwin (from `.symlinks/plugins/record_darwin/ios`)

EXTERNAL SOURCES:
  Flutter:
    :path: Flutter
  flutter_local_notifications:
    :path: ".symlinks/plugins/flutter_local_notifications/ios"
  record_darwin:
    :path: ".symlinks/plugins/record_darwin/ios"

SPEC CHECKSUMS:
  Flutter: cabc95a1d2626b1b06e7179b784ebcf0c0cde467
  flutter_local_notifications: 395056b3175ba4f08480a7c5de30cd36d69827e4
  record_darwin: fb1f375f1d9603714f55b8708a903bbb91ffdb0a

PODFILE CHECKSUM: 26e4fe9fa2aa2a966b7a796a174a7898948d34e4

COCOAPODS: 1.16.2
